
Microsoft Visual Studio Solution File, Format Version 12.00
# Visual Studio Version 17
VisualStudioVersion = 17.4.33205.214
MinimumVisualStudioVersion = 10.0.40219.1
Project("{9A19103F-16F7-4668-BE54-9A1E7A4F7556}") = "Pschool", "Pschool\Pschool.csproj", "{31DCAF4B-5089-4B5F-BF7C-586709155DAD}"
EndProject
Project("{FAE04EC0-301F-11D3-BF4B-00C04F79EFBC}") = "Web", "Web\Web.csproj", "{166A85DA-01B1-4333-8DC1-C717DB1CE5C0}"
EndProject
Project("{FAE04EC0-301F-11D3-BF4B-00C04F79EFBC}") = "Pschool.Shared", "Pschool.Shared\Pschool.Shared.csproj", "{4CC01521-843B-4D20-AD42-753F1BC80BE9}"
EndProject
Global
	GlobalSection(SolutionConfigurationPlatforms) = preSolution
		Debug|Any CPU = Debug|Any CPU
		Release|Any CPU = Release|Any CPU
	EndGlobalSection
	GlobalSection(ProjectConfigurationPlatforms) = postSolution
		{31DCAF4B-5089-4B5F-BF7C-586709155DAD}.Debug|Any CPU.ActiveCfg = Debug|Any CPU
		{31DCAF4B-5089-4B5F-BF7C-586709155DAD}.Debug|Any CPU.Build.0 = Debug|Any CPU
		{31DCAF4B-5089-4B5F-BF7C-586709155DAD}.Release|Any CPU.ActiveCfg = Release|Any CPU
		{31DCAF4B-5089-4B5F-BF7C-586709155DAD}.Release|Any CPU.Build.0 = Release|Any CPU
		{166A85DA-01B1-4333-8DC1-C717DB1CE5C0}.Debug|Any CPU.ActiveCfg = Debug|Any CPU
		{166A85DA-01B1-4333-8DC1-C717DB1CE5C0}.Debug|Any CPU.Build.0 = Debug|Any CPU
		{166A85DA-01B1-4333-8DC1-C717DB1CE5C0}.Release|Any CPU.ActiveCfg = Release|Any CPU
		{166A85DA-01B1-4333-8DC1-C717DB1CE5C0}.Release|Any CPU.Build.0 = Release|Any CPU
		{4CC01521-843B-4D20-AD42-753F1BC80BE9}.Debug|Any CPU.ActiveCfg = Debug|Any CPU
		{4CC01521-843B-4D20-AD42-753F1BC80BE9}.Debug|Any CPU.Build.0 = Debug|Any CPU
		{4CC01521-843B-4D20-AD42-753F1BC80BE9}.Release|Any CPU.ActiveCfg = Release|Any CPU
		{4CC01521-843B-4D20-AD42-753F1BC80BE9}.Release|Any CPU.Build.0 = Release|Any CPU
	EndGlobalSection
	GlobalSection(SolutionProperties) = preSolution
		HideSolutionNode = FALSE
	EndGlobalSection
	GlobalSection(ExtensibilityGlobals) = postSolution
		SolutionGuid = {5B2487A1-10D8-4A0D-A075-DA6E60838F2D}
	EndGlobalSection
EndGlobal
